
Microsoft Visual Studio Solution File, Format Version 12.00
# Visual Studio 15
VisualStudioVersion = 15.0.28307.757
MinimumVisualStudioVersion = 10.0.40219.1
Project("{8BC9CEB8-8B4A-11D0-8D11-00A0C91BC942}") = "1", "PracticeCplusplus\PracticeCplusplus.vcxproj", "{5C9DDE7E-87F8-42DE-8175-81F8DE5CED2A}"
EndProject
Project("{8BC9CEB8-8B4A-11D0-8D11-00A0C91BC942}") = "ClassInherit", "ClassInherit\ClassInherit.vcxproj", "{32C3C750-2803-4C62-848F-049A285936B7}"
EndProject
Project("{8BC9CEB8-8B4A-11D0-8D11-00A0C91BC942}") = "Allias", "Allias\Allias.vcxproj", "{875E78A4-38E2-4BBE-8B6A-2B1AC57C8BB4}"
EndProject
Project("{8BC9CEB8-8B4A-11D0-8D11-00A0C91BC942}") = "variable_argument", "variable_argument\variable_argument.vcxproj", "{D5B9B370-8C19-43E7-928C-F8F84BE3A425}"
EndProject
Project("{8BC9CEB8-8B4A-11D0-8D11-00A0C91BC942}") = "Template", "Template\Template.vcxproj", "{8BE59924-967A-49DD-AB7B-4749416A564B}"
EndProject
Project("{8BC9CEB8-8B4A-11D0-8D11-00A0C91BC942}") = "Function Pointer", "Prototype_Pattern\Prototype_Pattern.vcxproj", "{784406B6-16E7-4474-B3A8-80B0892EF0F8}"
EndProject
Project("{8BC9CEB8-8B4A-11D0-8D11-00A0C91BC942}") = "PrototypePattern", "PrototypePattern\PrototypePattern.vcxproj", "{53199E2A-D80A-494B-8B9E-F0AB6A4F2DCF}"
EndProject
Project("{8BC9CEB8-8B4A-11D0-8D11-00A0C91BC942}") = "Function Pointer(Functional)", "Function Pointer(Functional)\Function Pointer(Functional).vcxproj", "{01BE80EF-0930-4857-885B-2F7CC281C8F5}"
EndProject
Project("{8BC9CEB8-8B4A-11D0-8D11-00A0C91BC942}") = "Exception", "Exception\Exception.vcxproj", "{C5F1AD76-4B23-4F5D-9534-972F7FAF06C6}"
EndProject
Project("{8BC9CEB8-8B4A-11D0-8D11-00A0C91BC942}") = "NewDel", "NewDel\NewDel.vcxproj", "{4EE9800E-5785-4217-98D3-DF9373904058}"
EndProject
Project("{8BC9CEB8-8B4A-11D0-8D11-00A0C91BC942}") = "Elision", "Elision\Elision.vcxproj", "{FF4FBDBB-340C-4FB3-B787-DE352B3E5673}"
EndProject
Project("{8BC9CEB8-8B4A-11D0-8D11-00A0C91BC942}") = "RoundRobinScheduling", "RoundRobinScheduling\RoundRobinScheduling.vcxproj", "{DF7CF5F6-C8BD-455F-9F5B-F8D832887508}"
EndProject
Project("{8BC9CEB8-8B4A-11D0-8D11-00A0C91BC942}") = "Lambda_Callback", "Lambda_Callback\Lambda_Callback.vcxproj", "{60D94FDB-DB50-48E5-A0D4-52038335BFA5}"
EndProject
Project("{8BC9CEB8-8B4A-11D0-8D11-00A0C91BC942}") = "chrono", "chrono\chrono.vcxproj", "{F5896510-107B-46D3-8951-229011A353BA}"
EndProject
Project("{8BC9CEB8-8B4A-11D0-8D11-00A0C91BC942}") = "random", "random\random.vcxproj", "{8B399F0D-BAD8-48AF-BB79-9AF7A70DF7E0}"
EndProject
Project("{8BC9CEB8-8B4A-11D0-8D11-00A0C91BC942}") = "ref", "ref\ref.vcxproj", "{54934C1C-635F-4CE8-AB91-0C9242A529CB}"
EndProject
Project("{8BC9CEB8-8B4A-11D0-8D11-00A0C91BC942}") = "findAll", "findAll\findAll.vcxproj", "{87A14D31-6C67-4DD6-ACF0-53FB703C0F8E}"
EndProject
Project("{8BC9CEB8-8B4A-11D0-8D11-00A0C91BC942}") = "HashMap", "HashMap\HashMap.vcxproj", "{B9549745-F08B-4BFF-96EE-8F4D476E22E8}"
EndProject
Project("{8BC9CEB8-8B4A-11D0-8D11-00A0C91BC942}") = "Thread", "Thread\Thread.vcxproj", "{4AA176AA-C6A4-4611-AB37-44E00AD2F039}"
EndProject
Project("{8BC9CEB8-8B4A-11D0-8D11-00A0C91BC942}") = "2", "Project1\Project1.vcxproj", "{C54896BF-15B9-4817-9E97-919B7F75FEEF}"
EndProject
Project("{8BC9CEB8-8B4A-11D0-8D11-00A0C91BC942}") = "LinkedList", "LinkedList\LinkedList.vcxproj", "{885AAA49-6F2C-4805-92EA-3585AB1C33FE}"
EndProject
Project("{8BC9CEB8-8B4A-11D0-8D11-00A0C91BC942}") = "MapIterator", "MapIterator\MapIterator.vcxproj", "{56A7F28B-FEA7-4808-A759-0F49E4470850}"
EndProject
Project("{8BC9CEB8-8B4A-11D0-8D11-00A0C91BC942}") = "StackQueue", "Stack\Stack.vcxproj", "{49B65014-A00E-4A58-B476-2249D6E7832F}"
EndProject
Project("{8BC9CEB8-8B4A-11D0-8D11-00A0C91BC942}") = "Delegate", "Delegate\Delegate.vcxproj", "{8046B899-FED7-4C0E-9585-2E3C2895F268}"
EndProject
Global
	GlobalSection(SolutionConfigurationPlatforms) = preSolution
		Debug|x64 = Debug|x64
		Debug|x86 = Debug|x86
		Release|x64 = Release|x64
		Release|x86 = Release|x86
	EndGlobalSection
	GlobalSection(ProjectConfigurationPlatforms) = postSolution
		{5C9DDE7E-87F8-42DE-8175-81F8DE5CED2A}.Debug|x64.ActiveCfg = Debug|x64
		{5C9DDE7E-87F8-42DE-8175-81F8DE5CED2A}.Debug|x64.Build.0 = Debug|x64
		{5C9DDE7E-87F8-42DE-8175-81F8DE5CED2A}.Debug|x86.ActiveCfg = Debug|Win32
		{5C9DDE7E-87F8-42DE-8175-81F8DE5CED2A}.Debug|x86.Build.0 = Debug|Win32
		{5C9DDE7E-87F8-42DE-8175-81F8DE5CED2A}.Release|x64.ActiveCfg = Release|x64
		{5C9DDE7E-87F8-42DE-8175-81F8DE5CED2A}.Release|x64.Build.0 = Release|x64
		{5C9DDE7E-87F8-42DE-8175-81F8DE5CED2A}.Release|x86.ActiveCfg = Release|Win32
		{5C9DDE7E-87F8-42DE-8175-81F8DE5CED2A}.Release|x86.Build.0 = Release|Win32
		{32C3C750-2803-4C62-848F-049A285936B7}.Debug|x64.ActiveCfg = Debug|x64
		{32C3C750-2803-4C62-848F-049A285936B7}.Debug|x64.Build.0 = Debug|x64
		{32C3C750-2803-4C62-848F-049A285936B7}.Debug|x86.ActiveCfg = Debug|Win32
		{32C3C750-2803-4C62-848F-049A285936B7}.Debug|x86.Build.0 = Debug|Win32
		{32C3C750-2803-4C62-848F-049A285936B7}.Release|x64.ActiveCfg = Release|x64
		{32C3C750-2803-4C62-848F-049A285936B7}.Release|x64.Build.0 = Release|x64
		{32C3C750-2803-4C62-848F-049A285936B7}.Release|x86.ActiveCfg = Release|Win32
		{32C3C750-2803-4C62-848F-049A285936B7}.Release|x86.Build.0 = Release|Win32
		{875E78A4-38E2-4BBE-8B6A-2B1AC57C8BB4}.Debug|x64.ActiveCfg = Debug|x64
		{875E78A4-38E2-4BBE-8B6A-2B1AC57C8BB4}.Debug|x64.Build.0 = Debug|x64
		{875E78A4-38E2-4BBE-8B6A-2B1AC57C8BB4}.Debug|x86.ActiveCfg = Debug|Win32
		{875E78A4-38E2-4BBE-8B6A-2B1AC57C8BB4}.Debug|x86.Build.0 = Debug|Win32
		{875E78A4-38E2-4BBE-8B6A-2B1AC57C8BB4}.Release|x64.ActiveCfg = Release|x64
		{875E78A4-38E2-4BBE-8B6A-2B1AC57C8BB4}.Release|x64.Build.0 = Release|x64
		{875E78A4-38E2-4BBE-8B6A-2B1AC57C8BB4}.Release|x86.ActiveCfg = Release|Win32
		{875E78A4-38E2-4BBE-8B6A-2B1AC57C8BB4}.Release|x86.Build.0 = Release|Win32
		{D5B9B370-8C19-43E7-928C-F8F84BE3A425}.Debug|x64.ActiveCfg = Debug|x64
		{D5B9B370-8C19-43E7-928C-F8F84BE3A425}.Debug|x64.Build.0 = Debug|x64
		{D5B9B370-8C19-43E7-928C-F8F84BE3A425}.Debug|x86.ActiveCfg = Debug|Win32
		{D5B9B370-8C19-43E7-928C-F8F84BE3A425}.Debug|x86.Build.0 = Debug|Win32
		{D5B9B370-8C19-43E7-928C-F8F84BE3A425}.Release|x64.ActiveCfg = Release|x64
		{D5B9B370-8C19-43E7-928C-F8F84BE3A425}.Release|x64.Build.0 = Release|x64
		{D5B9B370-8C19-43E7-928C-F8F84BE3A425}.Release|x86.ActiveCfg = Release|Win32
		{D5B9B370-8C19-43E7-928C-F8F84BE3A425}.Release|x86.Build.0 = Release|Win32
		{8BE59924-967A-49DD-AB7B-4749416A564B}.Debug|x64.ActiveCfg = Debug|x64
		{8BE59924-967A-49DD-AB7B-4749416A564B}.Debug|x64.Build.0 = Debug|x64
		{8BE59924-967A-49DD-AB7B-4749416A564B}.Debug|x86.ActiveCfg = Debug|Win32
		{8BE59924-967A-49DD-AB7B-4749416A564B}.Debug|x86.Build.0 = Debug|Win32
		{8BE59924-967A-49DD-AB7B-4749416A564B}.Release|x64.ActiveCfg = Release|x64
		{8BE59924-967A-49DD-AB7B-4749416A564B}.Release|x64.Build.0 = Release|x64
		{8BE59924-967A-49DD-AB7B-4749416A564B}.Release|x86.ActiveCfg = Release|Win32
		{8BE59924-967A-49DD-AB7B-4749416A564B}.Release|x86.Build.0 = Release|Win32
		{784406B6-16E7-4474-B3A8-80B0892EF0F8}.Debug|x64.ActiveCfg = Debug|x64
		{784406B6-16E7-4474-B3A8-80B0892EF0F8}.Debug|x64.Build.0 = Debug|x64
		{784406B6-16E7-4474-B3A8-80B0892EF0F8}.Debug|x86.ActiveCfg = Debug|Win32
		{784406B6-16E7-4474-B3A8-80B0892EF0F8}.Debug|x86.Build.0 = Debug|Win32
		{784406B6-16E7-4474-B3A8-80B0892EF0F8}.Release|x64.ActiveCfg = Release|x64
		{784406B6-16E7-4474-B3A8-80B0892EF0F8}.Release|x64.Build.0 = Release|x64
		{784406B6-16E7-4474-B3A8-80B0892EF0F8}.Release|x86.ActiveCfg = Release|Win32
		{784406B6-16E7-4474-B3A8-80B0892EF0F8}.Release|x86.Build.0 = Release|Win32
		{53199E2A-D80A-494B-8B9E-F0AB6A4F2DCF}.Debug|x64.ActiveCfg = Debug|x64
		{53199E2A-D80A-494B-8B9E-F0AB6A4F2DCF}.Debug|x64.Build.0 = Debug|x64
		{53199E2A-D80A-494B-8B9E-F0AB6A4F2DCF}.Debug|x86.ActiveCfg = Debug|Win32
		{53199E2A-D80A-494B-8B9E-F0AB6A4F2DCF}.Debug|x86.Build.0 = Debug|Win32
		{53199E2A-D80A-494B-8B9E-F0AB6A4F2DCF}.Release|x64.ActiveCfg = Release|x64
		{53199E2A-D80A-494B-8B9E-F0AB6A4F2DCF}.Release|x64.Build.0 = Release|x64
		{53199E2A-D80A-494B-8B9E-F0AB6A4F2DCF}.Release|x86.ActiveCfg = Release|Win32
		{53199E2A-D80A-494B-8B9E-F0AB6A4F2DCF}.Release|x86.Build.0 = Release|Win32
		{01BE80EF-0930-4857-885B-2F7CC281C8F5}.Debug|x64.ActiveCfg = Debug|x64
		{01BE80EF-0930-4857-885B-2F7CC281C8F5}.Debug|x64.Build.0 = Debug|x64
		{01BE80EF-0930-4857-885B-2F7CC281C8F5}.Debug|x86.ActiveCfg = Debug|Win32
		{01BE80EF-0930-4857-885B-2F7CC281C8F5}.Debug|x86.Build.0 = Debug|Win32
		{01BE80EF-0930-4857-885B-2F7CC281C8F5}.Release|x64.ActiveCfg = Release|x64
		{01BE80EF-0930-4857-885B-2F7CC281C8F5}.Release|x64.Build.0 = Release|x64
		{01BE80EF-0930-4857-885B-2F7CC281C8F5}.Release|x86.ActiveCfg = Release|Win32
		{01BE80EF-0930-4857-885B-2F7CC281C8F5}.Release|x86.Build.0 = Release|Win32
		{C5F1AD76-4B23-4F5D-9534-972F7FAF06C6}.Debug|x64.ActiveCfg = Debug|x64
		{C5F1AD76-4B23-4F5D-9534-972F7FAF06C6}.Debug|x64.Build.0 = Debug|x64
		{C5F1AD76-4B23-4F5D-9534-972F7FAF06C6}.Debug|x86.ActiveCfg = Debug|Win32
		{C5F1AD76-4B23-4F5D-9534-972F7FAF06C6}.Debug|x86.Build.0 = Debug|Win32
		{C5F1AD76-4B23-4F5D-9534-972F7FAF06C6}.Release|x64.ActiveCfg = Release|x64
		{C5F1AD76-4B23-4F5D-9534-972F7FAF06C6}.Release|x64.Build.0 = Release|x64
		{C5F1AD76-4B23-4F5D-9534-972F7FAF06C6}.Release|x86.ActiveCfg = Release|Win32
		{C5F1AD76-4B23-4F5D-9534-972F7FAF06C6}.Release|x86.Build.0 = Release|Win32
		{4EE9800E-5785-4217-98D3-DF9373904058}.Debug|x64.ActiveCfg = Debug|x64
		{4EE9800E-5785-4217-98D3-DF9373904058}.Debug|x64.Build.0 = Debug|x64
		{4EE9800E-5785-4217-98D3-DF9373904058}.Debug|x86.ActiveCfg = Debug|Win32
		{4EE9800E-5785-4217-98D3-DF9373904058}.Debug|x86.Build.0 = Debug|Win32
		{4EE9800E-5785-4217-98D3-DF9373904058}.Release|x64.ActiveCfg = Release|x64
		{4EE9800E-5785-4217-98D3-DF9373904058}.Release|x64.Build.0 = Release|x64
		{4EE9800E-5785-4217-98D3-DF9373904058}.Release|x86.ActiveCfg = Release|Win32
		{4EE9800E-5785-4217-98D3-DF9373904058}.Release|x86.Build.0 = Release|Win32
		{FF4FBDBB-340C-4FB3-B787-DE352B3E5673}.Debug|x64.ActiveCfg = Debug|x64
		{FF4FBDBB-340C-4FB3-B787-DE352B3E5673}.Debug|x64.Build.0 = Debug|x64
		{FF4FBDBB-340C-4FB3-B787-DE352B3E5673}.Debug|x86.ActiveCfg = Debug|Win32
		{FF4FBDBB-340C-4FB3-B787-DE352B3E5673}.Debug|x86.Build.0 = Debug|Win32
		{FF4FBDBB-340C-4FB3-B787-DE352B3E5673}.Release|x64.ActiveCfg = Release|x64
		{FF4FBDBB-340C-4FB3-B787-DE352B3E5673}.Release|x64.Build.0 = Release|x64
		{FF4FBDBB-340C-4FB3-B787-DE352B3E5673}.Release|x86.ActiveCfg = Release|Win32
		{FF4FBDBB-340C-4FB3-B787-DE352B3E5673}.Release|x86.Build.0 = Release|Win32
		{DF7CF5F6-C8BD-455F-9F5B-F8D832887508}.Debug|x64.ActiveCfg = Debug|x64
		{DF7CF5F6-C8BD-455F-9F5B-F8D832887508}.Debug|x64.Build.0 = Debug|x64
		{DF7CF5F6-C8BD-455F-9F5B-F8D832887508}.Debug|x86.ActiveCfg = Debug|Win32
		{DF7CF5F6-C8BD-455F-9F5B-F8D832887508}.Debug|x86.Build.0 = Debug|Win32
		{DF7CF5F6-C8BD-455F-9F5B-F8D832887508}.Release|x64.ActiveCfg = Release|x64
		{DF7CF5F6-C8BD-455F-9F5B-F8D832887508}.Release|x64.Build.0 = Release|x64
		{DF7CF5F6-C8BD-455F-9F5B-F8D832887508}.Release|x86.ActiveCfg = Release|Win32
		{DF7CF5F6-C8BD-455F-9F5B-F8D832887508}.Release|x86.Build.0 = Release|Win32
		{60D94FDB-DB50-48E5-A0D4-52038335BFA5}.Debug|x64.ActiveCfg = Debug|x64
		{60D94FDB-DB50-48E5-A0D4-52038335BFA5}.Debug|x64.Build.0 = Debug|x64
		{60D94FDB-DB50-48E5-A0D4-52038335BFA5}.Debug|x86.ActiveCfg = Debug|Win32
		{60D94FDB-DB50-48E5-A0D4-52038335BFA5}.Debug|x86.Build.0 = Debug|Win32
		{60D94FDB-DB50-48E5-A0D4-52038335BFA5}.Release|x64.ActiveCfg = Release|x64
		{60D94FDB-DB50-48E5-A0D4-52038335BFA5}.Release|x64.Build.0 = Release|x64
		{60D94FDB-DB50-48E5-A0D4-52038335BFA5}.Release|x86.ActiveCfg = Release|Win32
		{60D94FDB-DB50-48E5-A0D4-52038335BFA5}.Release|x86.Build.0 = Release|Win32
		{F5896510-107B-46D3-8951-229011A353BA}.Debug|x64.ActiveCfg = Debug|x64
		{F5896510-107B-46D3-8951-229011A353BA}.Debug|x64.Build.0 = Debug|x64
		{F5896510-107B-46D3-8951-229011A353BA}.Debug|x86.ActiveCfg = Debug|Win32
		{F5896510-107B-46D3-8951-229011A353BA}.Debug|x86.Build.0 = Debug|Win32
		{F5896510-107B-46D3-8951-229011A353BA}.Release|x64.ActiveCfg = Release|x64
		{F5896510-107B-46D3-8951-229011A353BA}.Release|x64.Build.0 = Release|x64
		{F5896510-107B-46D3-8951-229011A353BA}.Release|x86.ActiveCfg = Release|Win32
		{F5896510-107B-46D3-8951-229011A353BA}.Release|x86.Build.0 = Release|Win32
		{8B399F0D-BAD8-48AF-BB79-9AF7A70DF7E0}.Debug|x64.ActiveCfg = Debug|x64
		{8B399F0D-BAD8-48AF-BB79-9AF7A70DF7E0}.Debug|x64.Build.0 = Debug|x64
		{8B399F0D-BAD8-48AF-BB79-9AF7A70DF7E0}.Debug|x86.ActiveCfg = Debug|Win32
		{8B399F0D-BAD8-48AF-BB79-9AF7A70DF7E0}.Debug|x86.Build.0 = Debug|Win32
		{8B399F0D-BAD8-48AF-BB79-9AF7A70DF7E0}.Release|x64.ActiveCfg = Release|x64
		{8B399F0D-BAD8-48AF-BB79-9AF7A70DF7E0}.Release|x64.Build.0 = Release|x64
		{8B399F0D-BAD8-48AF-BB79-9AF7A70DF7E0}.Release|x86.ActiveCfg = Release|Win32
		{8B399F0D-BAD8-48AF-BB79-9AF7A70DF7E0}.Release|x86.Build.0 = Release|Win32
		{54934C1C-635F-4CE8-AB91-0C9242A529CB}.Debug|x64.ActiveCfg = Debug|x64
		{54934C1C-635F-4CE8-AB91-0C9242A529CB}.Debug|x64.Build.0 = Debug|x64
		{54934C1C-635F-4CE8-AB91-0C9242A529CB}.Debug|x86.ActiveCfg = Debug|Win32
		{54934C1C-635F-4CE8-AB91-0C9242A529CB}.Debug|x86.Build.0 = Debug|Win32
		{54934C1C-635F-4CE8-AB91-0C9242A529CB}.Release|x64.ActiveCfg = Release|x64
		{54934C1C-635F-4CE8-AB91-0C9242A529CB}.Release|x64.Build.0 = Release|x64
		{54934C1C-635F-4CE8-AB91-0C9242A529CB}.Release|x86.ActiveCfg = Release|Win32
		{54934C1C-635F-4CE8-AB91-0C9242A529CB}.Release|x86.Build.0 = Release|Win32
		{87A14D31-6C67-4DD6-ACF0-53FB703C0F8E}.Debug|x64.ActiveCfg = Debug|x64
		{87A14D31-6C67-4DD6-ACF0-53FB703C0F8E}.Debug|x64.Build.0 = Debug|x64
		{87A14D31-6C67-4DD6-ACF0-53FB703C0F8E}.Debug|x86.ActiveCfg = Debug|Win32
		{87A14D31-6C67-4DD6-ACF0-53FB703C0F8E}.Debug|x86.Build.0 = Debug|Win32
		{87A14D31-6C67-4DD6-ACF0-53FB703C0F8E}.Release|x64.ActiveCfg = Release|x64
		{87A14D31-6C67-4DD6-ACF0-53FB703C0F8E}.Release|x64.Build.0 = Release|x64
		{87A14D31-6C67-4DD6-ACF0-53FB703C0F8E}.Release|x86.ActiveCfg = Release|Win32
		{87A14D31-6C67-4DD6-ACF0-53FB703C0F8E}.Release|x86.Build.0 = Release|Win32
		{B9549745-F08B-4BFF-96EE-8F4D476E22E8}.Debug|x64.ActiveCfg = Debug|x64
		{B9549745-F08B-4BFF-96EE-8F4D476E22E8}.Debug|x64.Build.0 = Debug|x64
		{B9549745-F08B-4BFF-96EE-8F4D476E22E8}.Debug|x86.ActiveCfg = Debug|Win32
		{B9549745-F08B-4BFF-96EE-8F4D476E22E8}.Debug|x86.Build.0 = Debug|Win32
		{B9549745-F08B-4BFF-96EE-8F4D476E22E8}.Release|x64.ActiveCfg = Release|x64
		{B9549745-F08B-4BFF-96EE-8F4D476E22E8}.Release|x64.Build.0 = Release|x64
		{B9549745-F08B-4BFF-96EE-8F4D476E22E8}.Release|x86.ActiveCfg = Release|Win32
		{B9549745-F08B-4BFF-96EE-8F4D476E22E8}.Release|x86.Build.0 = Release|Win32
		{4AA176AA-C6A4-4611-AB37-44E00AD2F039}.Debug|x64.ActiveCfg = Debug|x64
		{4AA176AA-C6A4-4611-AB37-44E00AD2F039}.Debug|x64.Build.0 = Debug|x64
		{4AA176AA-C6A4-4611-AB37-44E00AD2F039}.Debug|x86.ActiveCfg = Debug|Win32
		{4AA176AA-C6A4-4611-AB37-44E00AD2F039}.Debug|x86.Build.0 = Debug|Win32
		{4AA176AA-C6A4-4611-AB37-44E00AD2F039}.Release|x64.ActiveCfg = Release|x64
		{4AA176AA-C6A4-4611-AB37-44E00AD2F039}.Release|x64.Build.0 = Release|x64
		{4AA176AA-C6A4-4611-AB37-44E00AD2F039}.Release|x86.ActiveCfg = Release|Win32
		{4AA176AA-C6A4-4611-AB37-44E00AD2F039}.Release|x86.Build.0 = Release|Win32
		{C54896BF-15B9-4817-9E97-919B7F75FEEF}.Debug|x64.ActiveCfg = Debug|x64
		{C54896BF-15B9-4817-9E97-919B7F75FEEF}.Debug|x64.Build.0 = Debug|x64
		{C54896BF-15B9-4817-9E97-919B7F75FEEF}.Debug|x86.ActiveCfg = Debug|Win32
		{C54896BF-15B9-4817-9E97-919B7F75FEEF}.Debug|x86.Build.0 = Debug|Win32
		{C54896BF-15B9-4817-9E97-919B7F75FEEF}.Release|x64.ActiveCfg = Release|x64
		{C54896BF-15B9-4817-9E97-919B7F75FEEF}.Release|x64.Build.0 = Release|x64
		{C54896BF-15B9-4817-9E97-919B7F75FEEF}.Release|x86.ActiveCfg = Release|Win32
		{C54896BF-15B9-4817-9E97-919B7F75FEEF}.Release|x86.Build.0 = Release|Win32
		{885AAA49-6F2C-4805-92EA-3585AB1C33FE}.Debug|x64.ActiveCfg = Debug|x64
		{885AAA49-6F2C-4805-92EA-3585AB1C33FE}.Debug|x64.Build.0 = Debug|x64
		{885AAA49-6F2C-4805-92EA-3585AB1C33FE}.Debug|x86.ActiveCfg = Debug|Win32
		{885AAA49-6F2C-4805-92EA-3585AB1C33FE}.Debug|x86.Build.0 = Debug|Win32
		{885AAA49-6F2C-4805-92EA-3585AB1C33FE}.Release|x64.ActiveCfg = Release|x64
		{885AAA49-6F2C-4805-92EA-3585AB1C33FE}.Release|x64.Build.0 = Release|x64
		{885AAA49-6F2C-4805-92EA-3585AB1C33FE}.Release|x86.ActiveCfg = Release|Win32
		{885AAA49-6F2C-4805-92EA-3585AB1C33FE}.Release|x86.Build.0 = Release|Win32
		{56A7F28B-FEA7-4808-A759-0F49E4470850}.Debug|x64.ActiveCfg = Debug|x64
		{56A7F28B-FEA7-4808-A759-0F49E4470850}.Debug|x64.Build.0 = Debug|x64
		{56A7F28B-FEA7-4808-A759-0F49E4470850}.Debug|x86.ActiveCfg = Debug|Win32
		{56A7F28B-FEA7-4808-A759-0F49E4470850}.Debug|x86.Build.0 = Debug|Win32
		{56A7F28B-FEA7-4808-A759-0F49E4470850}.Release|x64.ActiveCfg = Release|x64
		{56A7F28B-FEA7-4808-A759-0F49E4470850}.Release|x64.Build.0 = Release|x64
		{56A7F28B-FEA7-4808-A759-0F49E4470850}.Release|x86.ActiveCfg = Release|Win32
		{56A7F28B-FEA7-4808-A759-0F49E4470850}.Release|x86.Build.0 = Release|Win32
		{49B65014-A00E-4A58-B476-2249D6E7832F}.Debug|x64.ActiveCfg = Debug|x64
		{49B65014-A00E-4A58-B476-2249D6E7832F}.Debug|x64.Build.0 = Debug|x64
		{49B65014-A00E-4A58-B476-2249D6E7832F}.Debug|x86.ActiveCfg = Debug|Win32
		{49B65014-A00E-4A58-B476-2249D6E7832F}.Debug|x86.Build.0 = Debug|Win32
		{49B65014-A00E-4A58-B476-2249D6E7832F}.Release|x64.ActiveCfg = Release|x64
		{49B65014-A00E-4A58-B476-2249D6E7832F}.Release|x64.Build.0 = Release|x64
		{49B65014-A00E-4A58-B476-2249D6E7832F}.Release|x86.ActiveCfg = Release|Win32
		{49B65014-A00E-4A58-B476-2249D6E7832F}.Release|x86.Build.0 = Release|Win32
		{8046B899-FED7-4C0E-9585-2E3C2895F268}.Debug|x64.ActiveCfg = Debug|x64
		{8046B899-FED7-4C0E-9585-2E3C2895F268}.Debug|x64.Build.0 = Debug|x64
		{8046B899-FED7-4C0E-9585-2E3C2895F268}.Debug|x86.ActiveCfg = Debug|Win32
		{8046B899-FED7-4C0E-9585-2E3C2895F268}.Debug|x86.Build.0 = Debug|Win32
		{8046B899-FED7-4C0E-9585-2E3C2895F268}.Release|x64.ActiveCfg = Release|x64
		{8046B899-FED7-4C0E-9585-2E3C2895F268}.Release|x64.Build.0 = Release|x64
		{8046B899-FED7-4C0E-9585-2E3C2895F268}.Release|x86.ActiveCfg = Release|Win32
		{8046B899-FED7-4C0E-9585-2E3C2895F268}.Release|x86.Build.0 = Release|Win32
	EndGlobalSection
	GlobalSection(SolutionProperties) = preSolution
		HideSolutionNode = FALSE
	EndGlobalSection
	GlobalSection(ExtensibilityGlobals) = postSolution
		SolutionGuid = {BEE27B53-BCC9-40E3-A20B-775D1AF495FD}
	EndGlobalSection
EndGlobal
